# @generated - this file is auto-generated by `mise lock` https://mise.jdx.dev/dev-tools/mise-lock.html

lockfile_version = 1

[[tools.biome]]
version = "2.5.11"
backend = "aqua:biomejs/biome"
specifiers = [
    "2.5.11",
    "latest",
]

[tools.biome."platforms.linux-arm64"]
checksum = "sha256:b1e422c4cf5de788553f612b3952deadd6cb7669b35659197af14c4b1f763fab"
url = "https://github.com/biomejs/biome/releases/download/%40biomejs/biome%402.5.11/biome-linux-arm64"
url_api = "https://api.github.com/repos/biomejs/biome/releases/assets/532854961"
provenance = "github-attestations"

[tools.biome."platforms.linux-arm64-musl"]
checksum = "sha256:d279c5e36af85d712a906284af0d2dd43d4baee8a36e2139f072c891fbeacfd9"
url = "https://github.com/biomejs/biome/releases/download/%40biomejs/biome%402.5.11/biome-linux-arm64-musl"
url_api = "https://api.github.com/repos/biomejs/biome/releases/assets/532854959"
provenance = "github-attestations"

[tools.biome."platforms.linux-x64"]
checksum = "sha256:629a72d30e5b625b70723a651c510c0c2d4adc7c9b7334a690afe848ba4426ce"
url = "https://github.com/biomejs/biome/releases/download/%40biomejs/biome%402.5.11/biome-linux-x64"
url_api = "https://api.github.com/repos/biomejs/biome/releases/assets/532854966"
provenance = "github-attestations"

[tools.biome."platforms.linux-x64-musl"]
checksum = "sha256:6ae4389db2e140734af826963e677a6a78dca9690bb089127aef50d8f9edbadb"
url = "https://github.com/biomejs/biome/releases/download/%40biomejs/biome%402.5.11/biome-linux-x64-musl"
url_api = "https://api.github.com/repos/biomejs/biome/releases/assets/532854967"
provenance = "github-attestations"

[tools.biome."platforms.macos-arm64"]
checksum = "sha256:7a067b00fdf8eeefb7f5f5f247b7dac1bb23adfeaea380a91293353b8e2eba2b"
url = "https://github.com/biomejs/biome/releases/download/%40biomejs/biome%402.5.11/biome-darwin-arm64"
url_api = "https://api.github.com/repos/biomejs/biome/releases/assets/532854963"
provenance = "github-attestations"

[tools.biome."platforms.macos-x64"]
checksum = "sha256:74f6d1845e5c1a47ebafd42ba4a90ed174b4bb7a669d70acc1fd925894dbb168"
url = "https://github.com/biomejs/biome/releases/download/%40biomejs/biome%402.5.11/biome-darwin-x64"
url_api = "https://api.github.com/repos/biomejs/biome/releases/assets/532854965"
provenance = "github-attestations"

[tools.biome."platforms.windows-x64"]
checksum = "sha256:8bdf679275458a444f7befb8dacc38001625645cc498facf3cc114d77239f1cd"
url = "https://github.com/biomejs/biome/releases/download/%40biomejs/biome%402.5.11/biome-win32-x64.exe"
url_api = "https://api.github.com/repos/biomejs/biome/releases/assets/532854960"
provenance = "github-attestations"

[[tools.bun]]
version = "1.3.14"
backend = "core:bun"
specifiers = [
    "1.3.14",
    "latest",
]

[tools.bun."platforms.linux-arm64"]
checksum = "sha256:a27ffb63a8310375836e0d6f668ae17fa8d8d18b88c37c821c65331973a19a3b"
url = "https://github.com/oven-sh/bun/releases/download/bun-v1.3.14/bun-linux-aarch64.zip"

[tools.bun."platforms.linux-arm64-musl"]
checksum = "sha256:b98e0ad3625c5c00d1d5b5ff55605c7adddbfae151861e68ade57b2d3b8703bb"
url = "https://github.com/oven-sh/bun/releases/download/bun-v1.3.14/bun-linux-aarch64-musl.zip"

[tools.bun."platforms.linux-x64"]
checksum = "sha256:951ee2aee855f08595aeec6225226a298d3fea83a3dcd6465c09cbccdf7e848f"
url = "https://github.com/oven-sh/bun/releases/download/bun-v1.3.14/bun-linux-x64.zip"

[tools.bun."platforms.linux-x64-baseline"]
checksum = "sha256:a063908ae08b7852ca10939bbdc6ceed3ddabce8fb9402dce83d65d73b36e6c7"
url = "https://github.com/oven-sh/bun/releases/download/bun-v1.3.14/bun-linux-x64-baseline.zip"

[tools.bun."platforms.linux-x64-musl"]
checksum = "sha256:14bd9aedeebf1dba67e8def9531c89bc989ecfdf1de42e5bfcaf1b8cd9294719"
url = "https://github.com/oven-sh/bun/releases/download/bun-v1.3.14/bun-linux-x64-musl.zip"

[tools.bun."platforms.linux-x64-musl-baseline"]
checksum = "sha256:56a7d6806cf155536c0178f0ea5fbd098e684fa509ebdb4fc0a7e19fb65382dc"
url = "https://github.com/oven-sh/bun/releases/download/bun-v1.3.14/bun-linux-x64-musl-baseline.zip"

[tools.bun."platforms.macos-arm64"]
checksum = "sha256:d8b96221828ad6f97ac7ac0ab7e95872341af763001e8803e8267652c2652620"
url = "https://github.com/oven-sh/bun/releases/download/bun-v1.3.14/bun-darwin-aarch64.zip"

[tools.bun."platforms.macos-x64"]
checksum = "sha256:4183df3374623e5bab315c547cfa0974533cd457d86b73b639f7a87974cd6633"
url = "https://github.com/oven-sh/bun/releases/download/bun-v1.3.14/bun-darwin-x64.zip"

[tools.bun."platforms.macos-x64-baseline"]
checksum = "sha256:3e35ad6f53971a9834bf9e6786e2adf72b5f1921cc9a9c5fde073d2972944076"
url = "https://github.com/oven-sh/bun/releases/download/bun-v1.3.14/bun-darwin-x64-baseline.zip"

[tools.bun."platforms.windows-x64"]
checksum = "sha256:0a0620930b6675d7ba440e81f4e0e00d3cfbe096c4b140d3fff02205e9e18922"
url = "https://github.com/oven-sh/bun/releases/download/bun-v1.3.14/bun-windows-x64.zip"

[tools.bun."platforms.windows-x64-baseline"]
checksum = "sha256:538f9c846355d9e847b2671bc00c47da4229a0befb24df3282b739770f3b475f"
url = "https://github.com/oven-sh/bun/releases/download/bun-v1.3.14/bun-windows-x64-baseline.zip"

[[tools.just]]
version = "1.58.0"
backend = "aqua:casey/just"
specifiers = [
    "1.58.0",
    "latest",
]

[tools.just."platforms.linux-arm64"]
checksum = "sha256:748237128c4c40cbdabc65e841d05ceba13cc23a91eaba395495894c1d9764df"
url = "https://github.com/casey/just/releases/download/1.58.0/just-1.58.0-aarch64-unknown-linux-musl.tar.gz"
url_api = "https://api.github.com/repos/casey/just/releases/assets/500510099"

[tools.just."platforms.linux-arm64-musl"]
checksum = "sha256:748237128c4c40cbdabc65e841d05ceba13cc23a91eaba395495894c1d9764df"
url = "https://github.com/casey/just/releases/download/1.58.0/just-1.58.0-aarch64-unknown-linux-musl.tar.gz"
url_api = "https://api.github.com/repos/casey/just/releases/assets/500510099"

[tools.just."platforms.linux-x64"]
checksum = "sha256:4a5cc2f53e6f0f8c59092a6cc38291eb729d46a7dd95d3ae582008881b84931d"
url = "https://github.com/casey/just/releases/download/1.58.0/just-1.58.0-x86_64-unknown-linux-musl.tar.gz"
url_api = "https://api.github.com/repos/casey/just/releases/assets/500509978"

[tools.just."platforms.linux-x64-musl"]
checksum = "sha256:4a5cc2f53e6f0f8c59092a6cc38291eb729d46a7dd95d3ae582008881b84931d"
url = "https://github.com/casey/just/releases/download/1.58.0/just-1.58.0-x86_64-unknown-linux-musl.tar.gz"
url_api = "https://api.github.com/repos/casey/just/releases/assets/500509978"

[tools.just."platforms.macos-arm64"]
checksum = "sha256:50ae3e996c974a0bf32ea7d10f495070df33f1b43e0616b2769e3d4821ed8f48"
url = "https://github.com/casey/just/releases/download/1.58.0/just-1.58.0-aarch64-apple-darwin.tar.gz"
url_api = "https://api.github.com/repos/casey/just/releases/assets/500509965"

[tools.just."platforms.macos-x64"]
checksum = "sha256:9a09cfef66aaa79da58203970103a0684307716caaabd3e9844cacc4dc0f4023"
url = "https://github.com/casey/just/releases/download/1.58.0/just-1.58.0-x86_64-apple-darwin.tar.gz"
url_api = "https://api.github.com/repos/casey/just/releases/assets/500510084"

[tools.just."platforms.windows-x64"]
checksum = "sha256:759f16fb7aa17c5c8b9594b6d4a8c1a6630dfd042cf2b3ff84841454d3d188dc"
url = "https://github.com/casey/just/releases/download/1.58.0/just-1.58.0-x86_64-pc-windows-msvc.zip"
url_api = "https://api.github.com/repos/casey/just/releases/assets/500511374"

[[tools.playwright]]
version = "1.62.1"
backend = "npm:playwright"
specifiers = [
    "1.62.1",
    "latest",
]
