# @generated - this file is auto-generated by `mise lock` https://mise.jdx.dev/dev-tools/mise-lock.html

lockfile_version = 1

[[tools.biome]]
version = "2.5.12"
backend = "aqua:biomejs/biome"
specifiers = ["2.5.12"]

[tools.biome."platforms.linux-arm64"]
checksum = "sha256:4c1c9908e5cfd5d327e4ac3205baa13b1d3dfd24f184ed289a0c0ef1b2e0274f"
url = "https://github.com/biomejs/biome/releases/download/%40biomejs/biome%402.5.12/biome-linux-arm64"
url_api = "https://api.github.com/repos/biomejs/biome/releases/assets/542381059"
provenance = "github-attestations"

[tools.biome."platforms.linux-arm64-musl"]
checksum = "sha256:8de4de4b3225f89d5596ccb85a071aac2173d8af2a5f21f2fbc3837e9765d455"
url = "https://github.com/biomejs/biome/releases/download/%40biomejs/biome%402.5.12/biome-linux-arm64-musl"
url_api = "https://api.github.com/repos/biomejs/biome/releases/assets/542381053"
provenance = "github-attestations"

[tools.biome."platforms.linux-x64"]
checksum = "sha256:e2475688799c9e78dd25ba5cf676676ffe74caf182a35082b1d22039151fdf63"
url = "https://github.com/biomejs/biome/releases/download/%40biomejs/biome%402.5.12/biome-linux-x64"
url_api = "https://api.github.com/repos/biomejs/biome/releases/assets/542381054"
provenance = "github-attestations"

[tools.biome."platforms.linux-x64-baseline"]
checksum = "sha256:e2475688799c9e78dd25ba5cf676676ffe74caf182a35082b1d22039151fdf63"
url = "https://github.com/biomejs/biome/releases/download/%40biomejs/biome%402.5.12/biome-linux-x64"
url_api = "https://api.github.com/repos/biomejs/biome/releases/assets/542381054"
provenance = "github-attestations"

[tools.biome."platforms.linux-x64-musl"]
checksum = "sha256:0c4da931bcfd70be34e49aba3296ab0c51d177ae55da67190a4371bd1c89d0ad"
url = "https://github.com/biomejs/biome/releases/download/%40biomejs/biome%402.5.12/biome-linux-x64-musl"
url_api = "https://api.github.com/repos/biomejs/biome/releases/assets/542381061"
provenance = "github-attestations"

[tools.biome."platforms.linux-x64-musl-baseline"]
checksum = "sha256:0c4da931bcfd70be34e49aba3296ab0c51d177ae55da67190a4371bd1c89d0ad"
url = "https://github.com/biomejs/biome/releases/download/%40biomejs/biome%402.5.12/biome-linux-x64-musl"
url_api = "https://api.github.com/repos/biomejs/biome/releases/assets/542381061"
provenance = "github-attestations"

[tools.biome."platforms.macos-arm64"]
checksum = "sha256:0e8d513eb6c612236b47ccf0e218ac3917d863d41f853c65c38410774daa26ed"
url = "https://github.com/biomejs/biome/releases/download/%40biomejs/biome%402.5.12/biome-darwin-arm64"
url_api = "https://api.github.com/repos/biomejs/biome/releases/assets/542381062"
provenance = "github-attestations"

[tools.biome."platforms.macos-x64"]
checksum = "sha256:0680097ec839fadc82451634680e39b9b7e48cc4334ef920525850b4d8f54a8b"
url = "https://github.com/biomejs/biome/releases/download/%40biomejs/biome%402.5.12/biome-darwin-x64"
url_api = "https://api.github.com/repos/biomejs/biome/releases/assets/542381057"
provenance = "github-attestations"

[tools.biome."platforms.macos-x64-baseline"]
checksum = "sha256:0680097ec839fadc82451634680e39b9b7e48cc4334ef920525850b4d8f54a8b"
url = "https://github.com/biomejs/biome/releases/download/%40biomejs/biome%402.5.12/biome-darwin-x64"
url_api = "https://api.github.com/repos/biomejs/biome/releases/assets/542381057"
provenance = "github-attestations"

[tools.biome."platforms.windows-x64"]
checksum = "sha256:59f88d04ab25f8634639c337ef70a79927504b6379a1ec3ff4e87f7c15dd5dce"
url = "https://github.com/biomejs/biome/releases/download/%40biomejs/biome%402.5.12/biome-win32-x64.exe"
url_api = "https://api.github.com/repos/biomejs/biome/releases/assets/542381049"
provenance = "github-attestations"

[tools.biome."platforms.windows-x64-baseline"]
checksum = "sha256:59f88d04ab25f8634639c337ef70a79927504b6379a1ec3ff4e87f7c15dd5dce"
url = "https://github.com/biomejs/biome/releases/download/%40biomejs/biome%402.5.12/biome-win32-x64.exe"
url_api = "https://api.github.com/repos/biomejs/biome/releases/assets/542381049"
provenance = "github-attestations"

[[tools.bun]]
version = "1.4.0"
backend = "core:bun"
specifiers = ["1.4.0"]

[tools.bun."platforms.linux-arm64"]
checksum = "sha256:4b1a332ee861983eb93bcfe6f770fff94e3e31b2c388bdaea3c8ed35e58eed0e"
url = "https://github.com/oven-sh/bun/releases/download/bun-v1.4.0/bun-linux-aarch64.zip"

[tools.bun."platforms.linux-arm64-musl"]
checksum = "sha256:576300ce33ff16ffcd455bf178c2f095f9df845c6cc3d0284ba1c96ca0e80473"
url = "https://github.com/oven-sh/bun/releases/download/bun-v1.4.0/bun-linux-aarch64-musl.zip"

[tools.bun."platforms.linux-x64"]
checksum = "sha256:2d03fb5fb83ac8b567aca0a281b2ce1a1a19d488f56c2968d88c3f25e92fe452"
url = "https://github.com/oven-sh/bun/releases/download/bun-v1.4.0/bun-linux-x64.zip"

[tools.bun."platforms.linux-x64-baseline"]
checksum = "sha256:184fb4595f0d401a217cf7c78c1bc430ba83314dab7a8b94805babbf7fa7097f"
url = "https://github.com/oven-sh/bun/releases/download/bun-v1.4.0/bun-linux-x64-baseline.zip"

[tools.bun."platforms.linux-x64-musl"]
checksum = "sha256:83b5f12fd258dd8d4fdcaea65ede954366aa717dab399e20093ecab280d54e7a"
url = "https://github.com/oven-sh/bun/releases/download/bun-v1.4.0/bun-linux-x64-musl.zip"

[tools.bun."platforms.linux-x64-musl-baseline"]
checksum = "sha256:618c4bc1f94b02337ee210003c0b7c066f11548a8cdc5109df10db043dc47ca2"
url = "https://github.com/oven-sh/bun/releases/download/bun-v1.4.0/bun-linux-x64-musl-baseline.zip"

[tools.bun."platforms.macos-arm64"]
checksum = "sha256:c669e97f6164e1c96e0701748db98dfa77492908cbd8394c7557134a735de381"
url = "https://github.com/oven-sh/bun/releases/download/bun-v1.4.0/bun-darwin-aarch64.zip"

[tools.bun."platforms.macos-x64"]
checksum = "sha256:1d0211b8f1dc991182344687ad15e72ee86f154845a5f7fa477994cd341dd9b0"
url = "https://github.com/oven-sh/bun/releases/download/bun-v1.4.0/bun-darwin-x64.zip"

[tools.bun."platforms.macos-x64-baseline"]
checksum = "sha256:da9b9f1b4ba766c6f299711f38dfaa98623e1ed9c40896aa53db803c52ec1fa0"
url = "https://github.com/oven-sh/bun/releases/download/bun-v1.4.0/bun-darwin-x64-baseline.zip"

[tools.bun."platforms.windows-x64"]
checksum = "sha256:e6f093d39da486b20262ca8cdd5ed6a9e8bc9c2f275b78e6d3a0c5b28cc95901"
url = "https://github.com/oven-sh/bun/releases/download/bun-v1.4.0/bun-windows-x64.zip"

[tools.bun."platforms.windows-x64-baseline"]
checksum = "sha256:b929c54a9badb104a16dedd23aab6152c86793ae653d4e6b13983ffd0c882a66"
url = "https://github.com/oven-sh/bun/releases/download/bun-v1.4.0/bun-windows-x64-baseline.zip"

[[tools.just]]
version = "1.58.0"
backend = "aqua:casey/just"
specifiers = [
    "1.58.0",
    "latest",
]

[tools.just."platforms.linux-arm64"]
checksum = "sha256:748237128c4c40cbdabc65e841d05ceba13cc23a91eaba395495894c1d9764df"
url = "https://github.com/casey/just/releases/download/1.58.0/just-1.58.0-aarch64-unknown-linux-musl.tar.gz"
url_api = "https://api.github.com/repos/casey/just/releases/assets/500510099"

[tools.just."platforms.linux-arm64-musl"]
checksum = "sha256:748237128c4c40cbdabc65e841d05ceba13cc23a91eaba395495894c1d9764df"
url = "https://github.com/casey/just/releases/download/1.58.0/just-1.58.0-aarch64-unknown-linux-musl.tar.gz"
url_api = "https://api.github.com/repos/casey/just/releases/assets/500510099"

[tools.just."platforms.linux-x64"]
checksum = "sha256:4a5cc2f53e6f0f8c59092a6cc38291eb729d46a7dd95d3ae582008881b84931d"
url = "https://github.com/casey/just/releases/download/1.58.0/just-1.58.0-x86_64-unknown-linux-musl.tar.gz"
url_api = "https://api.github.com/repos/casey/just/releases/assets/500509978"

[tools.just."platforms.linux-x64-baseline"]
checksum = "sha256:4a5cc2f53e6f0f8c59092a6cc38291eb729d46a7dd95d3ae582008881b84931d"
url = "https://github.com/casey/just/releases/download/1.58.0/just-1.58.0-x86_64-unknown-linux-musl.tar.gz"
url_api = "https://api.github.com/repos/casey/just/releases/assets/500509978"

[tools.just."platforms.linux-x64-musl"]
checksum = "sha256:4a5cc2f53e6f0f8c59092a6cc38291eb729d46a7dd95d3ae582008881b84931d"
url = "https://github.com/casey/just/releases/download/1.58.0/just-1.58.0-x86_64-unknown-linux-musl.tar.gz"
url_api = "https://api.github.com/repos/casey/just/releases/assets/500509978"

[tools.just."platforms.linux-x64-musl-baseline"]
checksum = "sha256:4a5cc2f53e6f0f8c59092a6cc38291eb729d46a7dd95d3ae582008881b84931d"
url = "https://github.com/casey/just/releases/download/1.58.0/just-1.58.0-x86_64-unknown-linux-musl.tar.gz"
url_api = "https://api.github.com/repos/casey/just/releases/assets/500509978"

[tools.just."platforms.macos-arm64"]
checksum = "sha256:50ae3e996c974a0bf32ea7d10f495070df33f1b43e0616b2769e3d4821ed8f48"
url = "https://github.com/casey/just/releases/download/1.58.0/just-1.58.0-aarch64-apple-darwin.tar.gz"
url_api = "https://api.github.com/repos/casey/just/releases/assets/500509965"

[tools.just."platforms.macos-x64"]
checksum = "sha256:9a09cfef66aaa79da58203970103a0684307716caaabd3e9844cacc4dc0f4023"
url = "https://github.com/casey/just/releases/download/1.58.0/just-1.58.0-x86_64-apple-darwin.tar.gz"
url_api = "https://api.github.com/repos/casey/just/releases/assets/500510084"

[tools.just."platforms.macos-x64-baseline"]
checksum = "sha256:9a09cfef66aaa79da58203970103a0684307716caaabd3e9844cacc4dc0f4023"
url = "https://github.com/casey/just/releases/download/1.58.0/just-1.58.0-x86_64-apple-darwin.tar.gz"
url_api = "https://api.github.com/repos/casey/just/releases/assets/500510084"

[tools.just."platforms.windows-x64"]
checksum = "sha256:759f16fb7aa17c5c8b9594b6d4a8c1a6630dfd042cf2b3ff84841454d3d188dc"
url = "https://github.com/casey/just/releases/download/1.58.0/just-1.58.0-x86_64-pc-windows-msvc.zip"
url_api = "https://api.github.com/repos/casey/just/releases/assets/500511374"

[tools.just."platforms.windows-x64-baseline"]
checksum = "sha256:759f16fb7aa17c5c8b9594b6d4a8c1a6630dfd042cf2b3ff84841454d3d188dc"
url = "https://github.com/casey/just/releases/download/1.58.0/just-1.58.0-x86_64-pc-windows-msvc.zip"
url_api = "https://api.github.com/repos/casey/just/releases/assets/500511374"
